<?xml version="1.0" encoding="utf-8"?>
<Project ToolsVersion="4.0" xmlns:atg="http://atg.xbox.com" xmlns="http://schemas.microsoft.com/developer/msbuild/2003">
  <ItemGroup>
    <Filter Include="Resource Files">
      <UniqueIdentifier>{8e114980-c1a3-4ada-ad7c-83caadf5daeb}</UniqueIdentifier>
      <Extensions>rc;ico;cur;bmp;dlg;rc2;rct;bin;rgs;gif;jpg;jpeg;jpe</Extensions>
    </Filter>
    <Filter Include="Shaders">
      <UniqueIdentifier>{2c3d4c8c-5d1a-459a-a05a-a4e4b608a44e}</UniqueIdentifier>
      <Extensions>fx;fxh;hlsl</Extensions>
    </Filter>
    <Filter Include="Resource Files\Textures">
      <UniqueIdentifier>{84a4d56f-682d-4b12-a7c9-064cc08bce09}</UniqueIdentifier>
    </Filter>
    <Filter Include="Source Files">
      <UniqueIdentifier>{6ff475de-de3f-46c2-bc43-690af8591186}</UniqueIdentifier>
    </Filter>
    <Filter Include="Header Files">
      <UniqueIdentifier>{772b0928-4246-46bd-a70f-b739a5222fce}</UniqueIdentifier>
    </Filter>
    <Filter Include="Header Files\Forces">
      <UniqueIdentifier>{c96fc131-1ab4-44bb-9566-2385e164c8aa}</UniqueIdentifier>
    </Filter>
    <Filter Include="Source Files\Forces">
      <UniqueIdentifier>{1c8b5fae-901a-45c5-ae01-77a3f6b14e6d}</UniqueIdentifier>
    </Filter>
  </ItemGroup>
  <ItemGroup>
    <ClInclude Include="Camera.h">
      <Filter>Header Files</Filter>
    </ClInclude>
    <ClInclude Include="Application.h">
      <Filter>Header Files</Filter>
    </ClInclude>
    <ClInclude Include="DDSTextureLoader.h">
      <Filter>Header Files</Filter>
    </ClInclude>
    <ClInclude Include="GameObject.h">
      <Filter>Header Files</Filter>
    </ClInclude>
    <ClInclude Include="ParticleModel.h">
      <Filter>Header Files</Filter>
    </ClInclude>
    <ClInclude Include="Appearence.h">
      <Filter>Header Files</Filter>
    </ClInclude>
    <ClInclude Include="Transform.h">
      <Filter>Header Files</Filter>
    </ClInclude>
    <ClInclude Include="IForceGenerator.h">
      <Filter>Header Files\Forces</Filter>
    </ClInclude>
    <ClInclude Include="FrictionForceGenerator.h">
      <Filter>Header Files\Forces</Filter>
    </ClInclude>
    <ClInclude Include="FluidDragForceGenerator.h">
      <Filter>Header Files\Forces</Filter>
    </ClInclude>
    <ClInclude Include="ReactionForceGenerator.h">
      <Filter>Header Files\Forces</Filter>
    </ClInclude>
    <ClInclude Include="ControllableObject.h">
      <Filter>Header Files</Filter>
    </ClInclude>
    <ClInclude Include="XMFLOAT3methods.h">
      <Filter>Header Files</Filter>
    </ClInclude>
    <ClInclude Include="CollisionForceGenerator.h">
      <Filter>Header Files\Forces</Filter>
    </ClInclude>
    <ClInclude Include="ControlCar.h">
      <Filter>Header Files</Filter>
    </ClInclude>
    <ClInclude Include="CarWheel.h">
      <Filter>Header Files</Filter>
    </ClInclude>
    <ClInclude Include="Structures.h">
      <Filter>Header Files</Filter>
    </ClInclude>
    <ClInclude Include="GravityForceGenerator.h">
      <Filter>Header Files\Forces</Filter>
    </ClInclude>
    <ClInclude Include="ParticleContact.h">
      <Filter>Header Files\Forces</Filter>
    </ClInclude>
    <ClInclude Include="ParticleContactResolver.h">
      <Filter>Header Files\Forces</Filter>
    </ClInclude>
    <ClInclude Include="ForceRegistry.h">
      <Filter>Header Files</Filter>
    </ClInclude>
    <ClInclude Include="Firework.h">
      <Filter>Header Files</Filter>
    </ClInclude>
  </ItemGroup>
  <ItemGroup>
    <ClCompile Include="Main.cpp" />
    <ClCompile Include="Application.cpp">
      <Filter>Source Files</Filter>
    </ClCompile>
    <ClCompile Include="Camera.cpp">
      <Filter>Source Files</Filter>
    </ClCompile>
    <ClCompile Include="DDSTextureLoader.cpp">
      <Filter>Source Files</Filter>
    </ClCompile>
    <ClCompile Include="GameObject.cpp">
      <Filter>Source Files</Filter>
    </ClCompile>
    <ClCompile Include="ParticleModel.cpp">
      <Filter>Source Files</Filter>
    </ClCompile>
    <ClCompile Include="Appearence.cpp">
      <Filter>Source Files</Filter>
    </ClCompile>
    <ClCompile Include="Transform.cpp">
      <Filter>Source Files</Filter>
    </ClCompile>
    <ClCompile Include="FrictionForceGenerator.cpp">
      <Filter>Source Files\Forces</Filter>
    </ClCompile>
    <ClCompile Include="FluidDragForceGenerator.cpp">
      <Filter>Source Files\Forces</Filter>
    </ClCompile>
    <ClCompile Include="ReactionForceGenerator.cpp">
      <Filter>Source Files\Forces</Filter>
    </ClCompile>
    <ClCompile Include="ControllableObject.cpp">
      <Filter>Source Files</Filter>
    </ClCompile>
    <ClCompile Include="XMFLOAT3methods.cpp">
      <Filter>Source Files</Filter>
    </ClCompile>
    <ClCompile Include="CollisionForceGenerator.cpp">
      <Filter>Source Files\Forces</Filter>
    </ClCompile>
    <ClCompile Include="ControlCar.cpp">
      <Filter>Source Files</Filter>
    </ClCompile>
    <ClCompile Include="CarWheel.cpp">
      <Filter>Source Files</Filter>
    </ClCompile>
    <ClCompile Include="ForceRegistry.cpp">
      <Filter>Source Files</Filter>
    </ClCompile>
    <ClCompile Include="GravityForceGenerator.cpp">
      <Filter>Source Files\Forces</Filter>
    </ClCompile>
    <ClCompile Include="ParticleContact.cpp">
      <Filter>Source Files\Forces</Filter>
    </ClCompile>
    <ClCompile Include="ParticleContactResolver.cpp">
      <Filter>Source Files\Forces</Filter>
    </ClCompile>
    <ClCompile Include="Firework.cpp">
      <Filter>Source Files</Filter>
    </ClCompile>
  </ItemGroup>
  <ItemGroup>
    <CLInclude Include="resource.h">
      <Filter>Resource Files</Filter>
    </CLInclude>
  </ItemGroup>
  <ItemGroup>
    <ResourceCompile Include="DX11 Framework.rc">
      <Filter>Resource Files</Filter>
    </ResourceCompile>
  </ItemGroup>
  <ItemGroup>
    <FxCompile Include="DX11 Framework.fx">
      <Filter>Shaders</Filter>
    </FxCompile>
  </ItemGroup>
  <ItemGroup>
    <Image Include="Resources\floor.dds">
      <Filter>Resource Files\Textures</Filter>
    </Image>
    <Image Include="Resources\stone.dds">
      <Filter>Resource Files\Textures</Filter>
    </Image>
  </ItemGroup>
</Project>